
Microsoft Visual Studio Solution File, Format Version 12.00
# Visual Studio Version 16
VisualStudioVersion = 16.0.31515.178
MinimumVisualStudioVersion = 10.0.40219.1
Project("{2150E333-8FDC-42A3-9474-1A3956D46DE8}") = "Cviceni-replit", "Cviceni-replit", "{08F31F11-804B-4DBD-BA71-8B00CA96A24B}"
EndProject
Project("{9A19103F-16F7-4668-BE54-9A1E7A4F7556}") = "replit-01-OOP-010-Role", "replit-01-OOP-010-Role\replit-01-OOP-010-Role.csproj", "{FFD72537-A366-4815-BD40-2BF6C588D4B3}"
EndProject
Project("{9A19103F-16F7-4668-BE54-9A1E7A4F7556}") = "replit-01-OOP-020-Tachometr", "replit-01-OOP-020-Tachometr\replit-01-OOP-020-Tachometr.csproj", "{7EAB5700-08B9-4E85-BD4C-834D2D628EED}"
EndProject
Project("{9A19103F-16F7-4668-BE54-9A1E7A4F7556}") = "replit-01-OOP-030-Archiv", "replit-01-OOP-030-Archiv\replit-01-OOP-030-Archiv.csproj", "{DAD73806-D4B7-4B63-A913-A9219350B173}"
EndProject
Project("{9A19103F-16F7-4668-BE54-9A1E7A4F7556}") = "replit-01-OOP-050-Lanovka", "replit-01-OOP-050-Lanovka\replit-01-OOP-050-Lanovka.csproj", "{2B2E1C53-36C9-4E09-8358-2677672FC5E0}"
EndProject
Project("{9A19103F-16F7-4668-BE54-9A1E7A4F7556}") = "replit-01-OOP-040-test-vyrobku", "replit-01-OOP-040-test-vyrobku\replit-01-OOP-040-test-vyrobku.csproj", "{F74FF26B-708D-45CF-8AB3-F93016342826}"
EndProject
Project("{2150E333-8FDC-42A3-9474-1A3956D46DE8}") = "WPF", "WPF", "{DCF9930A-8416-49DF-8D88-ECACA0B60190}"
EndProject
Project("{9A19103F-16F7-4668-BE54-9A1E7A4F7556}") = "WPF-01-Hello-world", "WPF-01-hello-world\WPF-01-Hello-world.csproj", "{913512BD-D7EA-4B34-9049-FF6CE2C0D91D}"
EndProject
Project("{9A19103F-16F7-4668-BE54-9A1E7A4F7556}") = "WPF-02-Scitadlo", "wpf-02-Scitadlo\WPF-02-Scitadlo.csproj", "{E6579E43-C81B-4111-8E65-623B3B7724D1}"
EndProject
Project("{9A19103F-16F7-4668-BE54-9A1E7A4F7556}") = "replit-01-OOP-070-Loop", "replit-01-OOP-070-Loop\replit-01-OOP-070-Loop.csproj", "{5A5D1AC1-9436-4CBA-BA07-572F997462E5}"
EndProject
Project("{9A19103F-16F7-4668-BE54-9A1E7A4F7556}") = "replit-01-OOP-070-Loop-L2-generic", "replit-01-OOP-070-Loop-L2-generic\replit-01-OOP-070-Loop-L2-generic.csproj", "{38B5E315-E464-4713-BCC1-8CE843993B61}"
EndProject
Project("{9A19103F-16F7-4668-BE54-9A1E7A4F7556}") = "replit-01-OOP-060-Paginator", "replit-01-OOP-060-Paginator\replit-01-OOP-060-Paginator.csproj", "{15D97108-497E-4E0F-9E21-3C35578A286E}"
EndProject
Project("{9A19103F-16F7-4668-BE54-9A1E7A4F7556}") = "WPF-03-Messagebox", "WPF-03-Messagebox\WPF-03-Messagebox.csproj", "{371F81D2-2A87-4B1F-AC54-48C279F760E1}"
EndProject
Project("{9A19103F-16F7-4668-BE54-9A1E7A4F7556}") = "WPF-04-O-Deset-vic", "WPF-04-O-Deset-vic\WPF-04-O-Deset-vic.csproj", "{773A0F21-6B79-4C94-8D3C-A0DA9A0DBF3A}"
EndProject
Project("{9A19103F-16F7-4668-BE54-9A1E7A4F7556}") = "WPF-05-Check-the-checkbox", "WPF-05-Check-the-checkbox\WPF-05-Check-the-checkbox.csproj", "{18F2DE78-EE30-456C-ABC7-3B832334E2C3}"
EndProject
Project("{9A19103F-16F7-4668-BE54-9A1E7A4F7556}") = "WPF-06-Omalovanky-v1", "WPF-06-Omalovanky-v1\WPF-06-Omalovanky-v1.csproj", "{0FE8BB89-E93E-4CD8-B657-52E3234A6038}"
EndProject
Project("{9A19103F-16F7-4668-BE54-9A1E7A4F7556}") = "WPF-07-Omalovanky-v2", "WPF-07-Omalovanky-v2\WPF-07-Omalovanky-v2.csproj", "{1C5A3076-36BF-42E0-8C92-036340B92F2A}"
EndProject
Project("{9A19103F-16F7-4668-BE54-9A1E7A4F7556}") = "WPF-08-Grid-Demo", "WPF-08-Grid-Demo\WPF-08-Grid-Demo.csproj", "{64E07BFB-33BA-4F3F-98D3-5D47692A0BA2}"
EndProject
Project("{9A19103F-16F7-4668-BE54-9A1E7A4F7556}") = "WPF-09-Sentence-swap", "WPF-09-Sentence-swap\WPF-09-Sentence-swap.csproj", "{4C31A2E0-CA54-41DE-BB96-2E2F12C4924A}"
EndProject
Project("{9A19103F-16F7-4668-BE54-9A1E7A4F7556}") = "WPF-10-FotoProhlizec", "WPF-10-FotoProhlizec\WPF-10-FotoProhlizec.csproj", "{6630E905-8063-49FA-822F-C4741E031D06}"
EndProject
Project("{9A19103F-16F7-4668-BE54-9A1E7A4F7556}") = "WPF-11-Kontextove-zakazane-prvky", "WPF-11-Kontextove-zakazane-prvky\WPF-11-Kontextove-zakazane-prvky.csproj", "{6469DFD9-F153-4E22-97CE-9B5BB2036F44}"
EndProject
Project("{9A19103F-16F7-4668-BE54-9A1E7A4F7556}") = "WPF-12-TextProhlizec", "WPF-12-TextProhlizec\WPF-12-TextProhlizec.csproj", "{259A19CC-F56D-4FE6-9917-6A453D166D14}"
EndProject
Project("{9A19103F-16F7-4668-BE54-9A1E7A4F7556}") = "WPF-13-Calculator", "WPF-13-Calculator\WPF-13-Calculator.csproj", "{42E6C2AE-0976-4132-B756-C8CEF42CAC71}"
EndProject
Project("{9A19103F-16F7-4668-BE54-9A1E7A4F7556}") = "WPF-14-Namorni-bitva", "WPF-14-Namorni-bitva\WPF-14-Namorni-bitva.csproj", "{BC92F088-03D8-47E8-BDEB-00EDFC359EFF}"
EndProject
Project("{9A19103F-16F7-4668-BE54-9A1E7A4F7556}") = "WPF-15-DispatcherTimer", "WPF-15-DispatcherTimer\WPF-15-DispatcherTimer.csproj", "{24B59693-217A-4D3A-831D-1FDC574B8C2A}"
EndProject
Project("{9A19103F-16F7-4668-BE54-9A1E7A4F7556}") = "WPF-16-Namorni-bitva-v2", "WPF-16-Namorni-bitva-v2\WPF-16-Namorni-bitva-v2.csproj", "{001636FF-B655-42AC-B6AC-69F641086DD1}"
EndProject
Project("{9A19103F-16F7-4668-BE54-9A1E7A4F7556}") = "WPF-17-AlarmClock", "WPF-17-AlarmClock\WPF-17-AlarmClock.csproj", "{8DC5F06D-4BD8-4CB4-A193-9A2EBCE5DCF0}"
EndProject
Project("{2150E333-8FDC-42A3-9474-1A3956D46DE8}") = "OOP", "OOP", "{03B69554-BF10-4234-B779-982FF228FC06}"
EndProject
Project("{9A19103F-16F7-4668-BE54-9A1E7A4F7556}") = "OOP-Dedicnost-01-Savec", "C:\Users\koupja\source\repos\2021_PR2_2Bs2\OOP-Dedicnost-01-Savec\OOP-Dedicnost-01-Savec.csproj", "{143C6169-FD0E-4EC5-B277-8EC5F6E537A1}"
EndProject
Project("{9A19103F-16F7-4668-BE54-9A1E7A4F7556}") = "OOP-Dedicnost-02-Obdelnik-a-ctverec", "C:\Users\koupja\source\repos\2021_PR2_2Bs2\OOP-Dedicnost-02-Obdelnik-a-ctverec\OOP-Dedicnost-02-Obdelnik-a-ctverec.csproj", "{420809AC-964E-400A-B03A-32A607D2A986}"
EndProject
Project("{9A19103F-16F7-4668-BE54-9A1E7A4F7556}") = "replit-03-OOP2-020-Pocitadlo", "C:\Users\koupja\source\repos\2021_PR2_2Bs2\replit-03-OOP2-020-Pocitadlo\replit-03-OOP2-020-Pocitadlo.csproj", "{0B261C98-E53F-43EA-BFAD-C7B925D810D3}"
EndProject
Project("{9A19103F-16F7-4668-BE54-9A1E7A4F7556}") = "replit-03-OOP2-030-Bankovni-ucty", "C:\Users\koupja\source\repos\2021_PR2_2Bs2\replit-03-OOP2-030-Bankovni-ucty\replit-03-OOP2-030-Bankovni-ucty.csproj", "{8E928DF1-3681-4756-945A-FF316363B4A0}"
EndProject
Project("{9A19103F-16F7-4668-BE54-9A1E7A4F7556}") = "replit-03-OOP2-040-Zamestnanci", "replit-03-OOP2-040-Zamestnanci\replit-03-OOP2-040-Zamestnanci.csproj", "{10D19070-289D-41FA-94B5-B710EB5B8B57}"
EndProject
Project("{9A19103F-16F7-4668-BE54-9A1E7A4F7556}") = "OOP-Iface-01-Demo", "OOP-Iface-01-Demo\OOP-Iface-01-Demo.csproj", "{4065EB47-35EB-41DA-9215-ECBF8B972DE9}"
EndProject
Project("{9A19103F-16F7-4668-BE54-9A1E7A4F7556}") = "replit-03-OOP2-060-Iface-Utvary", "replit-03-OOP2-060-Iface-Utvary\replit-03-OOP2-060-Iface-Utvary.csproj", "{BFA99D6E-4D8B-4031-BBDC-EE826CCEB79E}"
EndProject
Project("{9A19103F-16F7-4668-BE54-9A1E7A4F7556}") = "OOP-Iface-02-IComparable", "OOP-Iface-02-IComparable\OOP-Iface-02-IComparable.csproj", "{FB6EB570-B1D5-4FD2-9A1B-B09F4C505D59}"
EndProject
Project("{9A19103F-16F7-4668-BE54-9A1E7A4F7556}") = "OOP-Extensions-01-JeSude", "OOP-Extensions-01-JeSude\OOP-Extensions-01-JeSude.csproj", "{0ADE46A8-B7E0-4B57-944C-3627AA341BE8}"
EndProject
Project("{9A19103F-16F7-4668-BE54-9A1E7A4F7556}") = "WPF-18-Nove-okno", "WPF-18-Nove-okno\WPF-18-Nove-okno.csproj", "{70E19E9E-9759-4AE1-B1EC-66C323EC7276}"
EndProject
Project("{9A19103F-16F7-4668-BE54-9A1E7A4F7556}") = "Console-konfigurace", "Console-konfigurace\Console-konfigurace.csproj", "{1AF6455C-51C4-4675-AE06-B70D4C975774}"
EndProject
Project("{9A19103F-16F7-4668-BE54-9A1E7A4F7556}") = "WPF-19-Konfigurace", "WPF-19-konfigurace\WPF-19-Konfigurace.csproj", "{B68B7AB7-C24D-47D0-AFA6-ADE49D5DEDA4}"
EndProject
Project("{FAE04EC0-301F-11D3-BF4B-00C04F79EFBC}") = "Staticky-model-pisek", "Staticky-model-pisek\Staticky-model-pisek.csproj", "{91266688-E975-4052-B81F-670458730BF8}"
EndProject
Global
	GlobalSection(SolutionConfigurationPlatforms) = preSolution
		Debug|Any CPU = Debug|Any CPU
		Release|Any CPU = Release|Any CPU
	EndGlobalSection
	GlobalSection(ProjectConfigurationPlatforms) = postSolution
		{FFD72537-A366-4815-BD40-2BF6C588D4B3}.Debug|Any CPU.ActiveCfg = Debug|Any CPU
		{FFD72537-A366-4815-BD40-2BF6C588D4B3}.Debug|Any CPU.Build.0 = Debug|Any CPU
		{FFD72537-A366-4815-BD40-2BF6C588D4B3}.Release|Any CPU.ActiveCfg = Release|Any CPU
		{FFD72537-A366-4815-BD40-2BF6C588D4B3}.Release|Any CPU.Build.0 = Release|Any CPU
		{7EAB5700-08B9-4E85-BD4C-834D2D628EED}.Debug|Any CPU.ActiveCfg = Debug|Any CPU
		{7EAB5700-08B9-4E85-BD4C-834D2D628EED}.Debug|Any CPU.Build.0 = Debug|Any CPU
		{7EAB5700-08B9-4E85-BD4C-834D2D628EED}.Release|Any CPU.ActiveCfg = Release|Any CPU
		{7EAB5700-08B9-4E85-BD4C-834D2D628EED}.Release|Any CPU.Build.0 = Release|Any CPU
		{DAD73806-D4B7-4B63-A913-A9219350B173}.Debug|Any CPU.ActiveCfg = Debug|Any CPU
		{DAD73806-D4B7-4B63-A913-A9219350B173}.Debug|Any CPU.Build.0 = Debug|Any CPU
		{DAD73806-D4B7-4B63-A913-A9219350B173}.Release|Any CPU.ActiveCfg = Release|Any CPU
		{DAD73806-D4B7-4B63-A913-A9219350B173}.Release|Any CPU.Build.0 = Release|Any CPU
		{2B2E1C53-36C9-4E09-8358-2677672FC5E0}.Debug|Any CPU.ActiveCfg = Debug|Any CPU
		{2B2E1C53-36C9-4E09-8358-2677672FC5E0}.Debug|Any CPU.Build.0 = Debug|Any CPU
		{2B2E1C53-36C9-4E09-8358-2677672FC5E0}.Release|Any CPU.ActiveCfg = Release|Any CPU
		{2B2E1C53-36C9-4E09-8358-2677672FC5E0}.Release|Any CPU.Build.0 = Release|Any CPU
		{F74FF26B-708D-45CF-8AB3-F93016342826}.Debug|Any CPU.ActiveCfg = Debug|Any CPU
		{F74FF26B-708D-45CF-8AB3-F93016342826}.Debug|Any CPU.Build.0 = Debug|Any CPU
		{F74FF26B-708D-45CF-8AB3-F93016342826}.Release|Any CPU.ActiveCfg = Release|Any CPU
		{F74FF26B-708D-45CF-8AB3-F93016342826}.Release|Any CPU.Build.0 = Release|Any CPU
		{913512BD-D7EA-4B34-9049-FF6CE2C0D91D}.Debug|Any CPU.ActiveCfg = Debug|Any CPU
		{913512BD-D7EA-4B34-9049-FF6CE2C0D91D}.Debug|Any CPU.Build.0 = Debug|Any CPU
		{913512BD-D7EA-4B34-9049-FF6CE2C0D91D}.Release|Any CPU.ActiveCfg = Release|Any CPU
		{913512BD-D7EA-4B34-9049-FF6CE2C0D91D}.Release|Any CPU.Build.0 = Release|Any CPU
		{E6579E43-C81B-4111-8E65-623B3B7724D1}.Debug|Any CPU.ActiveCfg = Debug|Any CPU
		{E6579E43-C81B-4111-8E65-623B3B7724D1}.Debug|Any CPU.Build.0 = Debug|Any CPU
		{E6579E43-C81B-4111-8E65-623B3B7724D1}.Release|Any CPU.ActiveCfg = Release|Any CPU
		{E6579E43-C81B-4111-8E65-623B3B7724D1}.Release|Any CPU.Build.0 = Release|Any CPU
		{5A5D1AC1-9436-4CBA-BA07-572F997462E5}.Debug|Any CPU.ActiveCfg = Debug|Any CPU
		{5A5D1AC1-9436-4CBA-BA07-572F997462E5}.Debug|Any CPU.Build.0 = Debug|Any CPU
		{5A5D1AC1-9436-4CBA-BA07-572F997462E5}.Release|Any CPU.ActiveCfg = Release|Any CPU
		{5A5D1AC1-9436-4CBA-BA07-572F997462E5}.Release|Any CPU.Build.0 = Release|Any CPU
		{38B5E315-E464-4713-BCC1-8CE843993B61}.Debug|Any CPU.ActiveCfg = Debug|Any CPU
		{38B5E315-E464-4713-BCC1-8CE843993B61}.Debug|Any CPU.Build.0 = Debug|Any CPU
		{38B5E315-E464-4713-BCC1-8CE843993B61}.Release|Any CPU.ActiveCfg = Release|Any CPU
		{38B5E315-E464-4713-BCC1-8CE843993B61}.Release|Any CPU.Build.0 = Release|Any CPU
		{15D97108-497E-4E0F-9E21-3C35578A286E}.Debug|Any CPU.ActiveCfg = Debug|Any CPU
		{15D97108-497E-4E0F-9E21-3C35578A286E}.Debug|Any CPU.Build.0 = Debug|Any CPU
		{15D97108-497E-4E0F-9E21-3C35578A286E}.Release|Any CPU.ActiveCfg = Release|Any CPU
		{15D97108-497E-4E0F-9E21-3C35578A286E}.Release|Any CPU.Build.0 = Release|Any CPU
		{371F81D2-2A87-4B1F-AC54-48C279F760E1}.Debug|Any CPU.ActiveCfg = Debug|Any CPU
		{371F81D2-2A87-4B1F-AC54-48C279F760E1}.Debug|Any CPU.Build.0 = Debug|Any CPU
		{371F81D2-2A87-4B1F-AC54-48C279F760E1}.Release|Any CPU.ActiveCfg = Release|Any CPU
		{371F81D2-2A87-4B1F-AC54-48C279F760E1}.Release|Any CPU.Build.0 = Release|Any CPU
		{773A0F21-6B79-4C94-8D3C-A0DA9A0DBF3A}.Debug|Any CPU.ActiveCfg = Debug|Any CPU
		{773A0F21-6B79-4C94-8D3C-A0DA9A0DBF3A}.Debug|Any CPU.Build.0 = Debug|Any CPU
		{773A0F21-6B79-4C94-8D3C-A0DA9A0DBF3A}.Release|Any CPU.ActiveCfg = Release|Any CPU
		{773A0F21-6B79-4C94-8D3C-A0DA9A0DBF3A}.Release|Any CPU.Build.0 = Release|Any CPU
		{18F2DE78-EE30-456C-ABC7-3B832334E2C3}.Debug|Any CPU.ActiveCfg = Debug|Any CPU
		{18F2DE78-EE30-456C-ABC7-3B832334E2C3}.Debug|Any CPU.Build.0 = Debug|Any CPU
		{18F2DE78-EE30-456C-ABC7-3B832334E2C3}.Release|Any CPU.ActiveCfg = Release|Any CPU
		{18F2DE78-EE30-456C-ABC7-3B832334E2C3}.Release|Any CPU.Build.0 = Release|Any CPU
		{0FE8BB89-E93E-4CD8-B657-52E3234A6038}.Debug|Any CPU.ActiveCfg = Debug|Any CPU
		{0FE8BB89-E93E-4CD8-B657-52E3234A6038}.Debug|Any CPU.Build.0 = Debug|Any CPU
		{0FE8BB89-E93E-4CD8-B657-52E3234A6038}.Release|Any CPU.ActiveCfg = Release|Any CPU
		{0FE8BB89-E93E-4CD8-B657-52E3234A6038}.Release|Any CPU.Build.0 = Release|Any CPU
		{1C5A3076-36BF-42E0-8C92-036340B92F2A}.Debug|Any CPU.ActiveCfg = Debug|Any CPU
		{1C5A3076-36BF-42E0-8C92-036340B92F2A}.Debug|Any CPU.Build.0 = Debug|Any CPU
		{1C5A3076-36BF-42E0-8C92-036340B92F2A}.Release|Any CPU.ActiveCfg = Release|Any CPU
		{1C5A3076-36BF-42E0-8C92-036340B92F2A}.Release|Any CPU.Build.0 = Release|Any CPU
		{64E07BFB-33BA-4F3F-98D3-5D47692A0BA2}.Debug|Any CPU.ActiveCfg = Debug|Any CPU
		{64E07BFB-33BA-4F3F-98D3-5D47692A0BA2}.Debug|Any CPU.Build.0 = Debug|Any CPU
		{64E07BFB-33BA-4F3F-98D3-5D47692A0BA2}.Release|Any CPU.ActiveCfg = Release|Any CPU
		{64E07BFB-33BA-4F3F-98D3-5D47692A0BA2}.Release|Any CPU.Build.0 = Release|Any CPU
		{4C31A2E0-CA54-41DE-BB96-2E2F12C4924A}.Debug|Any CPU.ActiveCfg = Debug|Any CPU
		{4C31A2E0-CA54-41DE-BB96-2E2F12C4924A}.Debug|Any CPU.Build.0 = Debug|Any CPU
		{4C31A2E0-CA54-41DE-BB96-2E2F12C4924A}.Release|Any CPU.ActiveCfg = Release|Any CPU
		{4C31A2E0-CA54-41DE-BB96-2E2F12C4924A}.Release|Any CPU.Build.0 = Release|Any CPU
		{6630E905-8063-49FA-822F-C4741E031D06}.Debug|Any CPU.ActiveCfg = Debug|Any CPU
		{6630E905-8063-49FA-822F-C4741E031D06}.Debug|Any CPU.Build.0 = Debug|Any CPU
		{6630E905-8063-49FA-822F-C4741E031D06}.Release|Any CPU.ActiveCfg = Release|Any CPU
		{6630E905-8063-49FA-822F-C4741E031D06}.Release|Any CPU.Build.0 = Release|Any CPU
		{6469DFD9-F153-4E22-97CE-9B5BB2036F44}.Debug|Any CPU.ActiveCfg = Debug|Any CPU
		{6469DFD9-F153-4E22-97CE-9B5BB2036F44}.Debug|Any CPU.Build.0 = Debug|Any CPU
		{6469DFD9-F153-4E22-97CE-9B5BB2036F44}.Release|Any CPU.ActiveCfg = Release|Any CPU
		{6469DFD9-F153-4E22-97CE-9B5BB2036F44}.Release|Any CPU.Build.0 = Release|Any CPU
		{259A19CC-F56D-4FE6-9917-6A453D166D14}.Debug|Any CPU.ActiveCfg = Debug|Any CPU
		{259A19CC-F56D-4FE6-9917-6A453D166D14}.Debug|Any CPU.Build.0 = Debug|Any CPU
		{259A19CC-F56D-4FE6-9917-6A453D166D14}.Release|Any CPU.ActiveCfg = Release|Any CPU
		{259A19CC-F56D-4FE6-9917-6A453D166D14}.Release|Any CPU.Build.0 = Release|Any CPU
		{42E6C2AE-0976-4132-B756-C8CEF42CAC71}.Debug|Any CPU.ActiveCfg = Debug|Any CPU
		{42E6C2AE-0976-4132-B756-C8CEF42CAC71}.Debug|Any CPU.Build.0 = Debug|Any CPU
		{42E6C2AE-0976-4132-B756-C8CEF42CAC71}.Release|Any CPU.ActiveCfg = Release|Any CPU
		{42E6C2AE-0976-4132-B756-C8CEF42CAC71}.Release|Any CPU.Build.0 = Release|Any CPU
		{BC92F088-03D8-47E8-BDEB-00EDFC359EFF}.Debug|Any CPU.ActiveCfg = Debug|Any CPU
		{BC92F088-03D8-47E8-BDEB-00EDFC359EFF}.Debug|Any CPU.Build.0 = Debug|Any CPU
		{BC92F088-03D8-47E8-BDEB-00EDFC359EFF}.Release|Any CPU.ActiveCfg = Release|Any CPU
		{BC92F088-03D8-47E8-BDEB-00EDFC359EFF}.Release|Any CPU.Build.0 = Release|Any CPU
		{24B59693-217A-4D3A-831D-1FDC574B8C2A}.Debug|Any CPU.ActiveCfg = Debug|Any CPU
		{24B59693-217A-4D3A-831D-1FDC574B8C2A}.Debug|Any CPU.Build.0 = Debug|Any CPU
		{24B59693-217A-4D3A-831D-1FDC574B8C2A}.Release|Any CPU.ActiveCfg = Release|Any CPU
		{24B59693-217A-4D3A-831D-1FDC574B8C2A}.Release|Any CPU.Build.0 = Release|Any CPU
		{001636FF-B655-42AC-B6AC-69F641086DD1}.Debug|Any CPU.ActiveCfg = Debug|Any CPU
		{001636FF-B655-42AC-B6AC-69F641086DD1}.Debug|Any CPU.Build.0 = Debug|Any CPU
		{001636FF-B655-42AC-B6AC-69F641086DD1}.Release|Any CPU.ActiveCfg = Release|Any CPU
		{001636FF-B655-42AC-B6AC-69F641086DD1}.Release|Any CPU.Build.0 = Release|Any CPU
		{8DC5F06D-4BD8-4CB4-A193-9A2EBCE5DCF0}.Debug|Any CPU.ActiveCfg = Debug|Any CPU
		{8DC5F06D-4BD8-4CB4-A193-9A2EBCE5DCF0}.Debug|Any CPU.Build.0 = Debug|Any CPU
		{8DC5F06D-4BD8-4CB4-A193-9A2EBCE5DCF0}.Release|Any CPU.ActiveCfg = Release|Any CPU
		{8DC5F06D-4BD8-4CB4-A193-9A2EBCE5DCF0}.Release|Any CPU.Build.0 = Release|Any CPU
		{143C6169-FD0E-4EC5-B277-8EC5F6E537A1}.Debug|Any CPU.ActiveCfg = Debug|Any CPU
		{143C6169-FD0E-4EC5-B277-8EC5F6E537A1}.Debug|Any CPU.Build.0 = Debug|Any CPU
		{143C6169-FD0E-4EC5-B277-8EC5F6E537A1}.Release|Any CPU.ActiveCfg = Release|Any CPU
		{143C6169-FD0E-4EC5-B277-8EC5F6E537A1}.Release|Any CPU.Build.0 = Release|Any CPU
		{420809AC-964E-400A-B03A-32A607D2A986}.Debug|Any CPU.ActiveCfg = Debug|Any CPU
		{420809AC-964E-400A-B03A-32A607D2A986}.Debug|Any CPU.Build.0 = Debug|Any CPU
		{420809AC-964E-400A-B03A-32A607D2A986}.Release|Any CPU.ActiveCfg = Release|Any CPU
		{420809AC-964E-400A-B03A-32A607D2A986}.Release|Any CPU.Build.0 = Release|Any CPU
		{0B261C98-E53F-43EA-BFAD-C7B925D810D3}.Debug|Any CPU.ActiveCfg = Debug|Any CPU
		{0B261C98-E53F-43EA-BFAD-C7B925D810D3}.Debug|Any CPU.Build.0 = Debug|Any CPU
		{0B261C98-E53F-43EA-BFAD-C7B925D810D3}.Release|Any CPU.ActiveCfg = Release|Any CPU
		{0B261C98-E53F-43EA-BFAD-C7B925D810D3}.Release|Any CPU.Build.0 = Release|Any CPU
		{8E928DF1-3681-4756-945A-FF316363B4A0}.Debug|Any CPU.ActiveCfg = Debug|Any CPU
		{8E928DF1-3681-4756-945A-FF316363B4A0}.Debug|Any CPU.Build.0 = Debug|Any CPU
		{8E928DF1-3681-4756-945A-FF316363B4A0}.Release|Any CPU.ActiveCfg = Release|Any CPU
		{8E928DF1-3681-4756-945A-FF316363B4A0}.Release|Any CPU.Build.0 = Release|Any CPU
		{10D19070-289D-41FA-94B5-B710EB5B8B57}.Debug|Any CPU.ActiveCfg = Debug|Any CPU
		{10D19070-289D-41FA-94B5-B710EB5B8B57}.Debug|Any CPU.Build.0 = Debug|Any CPU
		{10D19070-289D-41FA-94B5-B710EB5B8B57}.Release|Any CPU.ActiveCfg = Release|Any CPU
		{10D19070-289D-41FA-94B5-B710EB5B8B57}.Release|Any CPU.Build.0 = Release|Any CPU
		{4065EB47-35EB-41DA-9215-ECBF8B972DE9}.Debug|Any CPU.ActiveCfg = Debug|Any CPU
		{4065EB47-35EB-41DA-9215-ECBF8B972DE9}.Debug|Any CPU.Build.0 = Debug|Any CPU
		{4065EB47-35EB-41DA-9215-ECBF8B972DE9}.Release|Any CPU.ActiveCfg = Release|Any CPU
		{4065EB47-35EB-41DA-9215-ECBF8B972DE9}.Release|Any CPU.Build.0 = Release|Any CPU
		{BFA99D6E-4D8B-4031-BBDC-EE826CCEB79E}.Debug|Any CPU.ActiveCfg = Debug|Any CPU
		{BFA99D6E-4D8B-4031-BBDC-EE826CCEB79E}.Debug|Any CPU.Build.0 = Debug|Any CPU
		{BFA99D6E-4D8B-4031-BBDC-EE826CCEB79E}.Release|Any CPU.ActiveCfg = Release|Any CPU
		{BFA99D6E-4D8B-4031-BBDC-EE826CCEB79E}.Release|Any CPU.Build.0 = Release|Any CPU
		{FB6EB570-B1D5-4FD2-9A1B-B09F4C505D59}.Debug|Any CPU.ActiveCfg = Debug|Any CPU
		{FB6EB570-B1D5-4FD2-9A1B-B09F4C505D59}.Debug|Any CPU.Build.0 = Debug|Any CPU
		{FB6EB570-B1D5-4FD2-9A1B-B09F4C505D59}.Release|Any CPU.ActiveCfg = Release|Any CPU
		{FB6EB570-B1D5-4FD2-9A1B-B09F4C505D59}.Release|Any CPU.Build.0 = Release|Any CPU
		{0ADE46A8-B7E0-4B57-944C-3627AA341BE8}.Debug|Any CPU.ActiveCfg = Debug|Any CPU
		{0ADE46A8-B7E0-4B57-944C-3627AA341BE8}.Debug|Any CPU.Build.0 = Debug|Any CPU
		{0ADE46A8-B7E0-4B57-944C-3627AA341BE8}.Release|Any CPU.ActiveCfg = Release|Any CPU
		{0ADE46A8-B7E0-4B57-944C-3627AA341BE8}.Release|Any CPU.Build.0 = Release|Any CPU
		{70E19E9E-9759-4AE1-B1EC-66C323EC7276}.Debug|Any CPU.ActiveCfg = Debug|Any CPU
		{70E19E9E-9759-4AE1-B1EC-66C323EC7276}.Debug|Any CPU.Build.0 = Debug|Any CPU
		{70E19E9E-9759-4AE1-B1EC-66C323EC7276}.Release|Any CPU.ActiveCfg = Release|Any CPU
		{70E19E9E-9759-4AE1-B1EC-66C323EC7276}.Release|Any CPU.Build.0 = Release|Any CPU
		{1AF6455C-51C4-4675-AE06-B70D4C975774}.Debug|Any CPU.ActiveCfg = Debug|Any CPU
		{1AF6455C-51C4-4675-AE06-B70D4C975774}.Debug|Any CPU.Build.0 = Debug|Any CPU
		{1AF6455C-51C4-4675-AE06-B70D4C975774}.Release|Any CPU.ActiveCfg = Release|Any CPU
		{1AF6455C-51C4-4675-AE06-B70D4C975774}.Release|Any CPU.Build.0 = Release|Any CPU
		{B68B7AB7-C24D-47D0-AFA6-ADE49D5DEDA4}.Debug|Any CPU.ActiveCfg = Debug|Any CPU
		{B68B7AB7-C24D-47D0-AFA6-ADE49D5DEDA4}.Debug|Any CPU.Build.0 = Debug|Any CPU
		{B68B7AB7-C24D-47D0-AFA6-ADE49D5DEDA4}.Release|Any CPU.ActiveCfg = Release|Any CPU
		{B68B7AB7-C24D-47D0-AFA6-ADE49D5DEDA4}.Release|Any CPU.Build.0 = Release|Any CPU
		{91266688-E975-4052-B81F-670458730BF8}.Debug|Any CPU.ActiveCfg = Debug|Any CPU
		{91266688-E975-4052-B81F-670458730BF8}.Debug|Any CPU.Build.0 = Debug|Any CPU
		{91266688-E975-4052-B81F-670458730BF8}.Release|Any CPU.ActiveCfg = Release|Any CPU
		{91266688-E975-4052-B81F-670458730BF8}.Release|Any CPU.Build.0 = Release|Any CPU
	EndGlobalSection
	GlobalSection(SolutionProperties) = preSolution
		HideSolutionNode = FALSE
	EndGlobalSection
	GlobalSection(NestedProjects) = preSolution
		{FFD72537-A366-4815-BD40-2BF6C588D4B3} = {08F31F11-804B-4DBD-BA71-8B00CA96A24B}
		{7EAB5700-08B9-4E85-BD4C-834D2D628EED} = {08F31F11-804B-4DBD-BA71-8B00CA96A24B}
		{DAD73806-D4B7-4B63-A913-A9219350B173} = {08F31F11-804B-4DBD-BA71-8B00CA96A24B}
		{2B2E1C53-36C9-4E09-8358-2677672FC5E0} = {08F31F11-804B-4DBD-BA71-8B00CA96A24B}
		{F74FF26B-708D-45CF-8AB3-F93016342826} = {08F31F11-804B-4DBD-BA71-8B00CA96A24B}
		{913512BD-D7EA-4B34-9049-FF6CE2C0D91D} = {DCF9930A-8416-49DF-8D88-ECACA0B60190}
		{E6579E43-C81B-4111-8E65-623B3B7724D1} = {DCF9930A-8416-49DF-8D88-ECACA0B60190}
		{5A5D1AC1-9436-4CBA-BA07-572F997462E5} = {08F31F11-804B-4DBD-BA71-8B00CA96A24B}
		{38B5E315-E464-4713-BCC1-8CE843993B61} = {08F31F11-804B-4DBD-BA71-8B00CA96A24B}
		{15D97108-497E-4E0F-9E21-3C35578A286E} = {08F31F11-804B-4DBD-BA71-8B00CA96A24B}
		{371F81D2-2A87-4B1F-AC54-48C279F760E1} = {DCF9930A-8416-49DF-8D88-ECACA0B60190}
		{773A0F21-6B79-4C94-8D3C-A0DA9A0DBF3A} = {DCF9930A-8416-49DF-8D88-ECACA0B60190}
		{18F2DE78-EE30-456C-ABC7-3B832334E2C3} = {DCF9930A-8416-49DF-8D88-ECACA0B60190}
		{0FE8BB89-E93E-4CD8-B657-52E3234A6038} = {DCF9930A-8416-49DF-8D88-ECACA0B60190}
		{1C5A3076-36BF-42E0-8C92-036340B92F2A} = {DCF9930A-8416-49DF-8D88-ECACA0B60190}
		{64E07BFB-33BA-4F3F-98D3-5D47692A0BA2} = {DCF9930A-8416-49DF-8D88-ECACA0B60190}
		{4C31A2E0-CA54-41DE-BB96-2E2F12C4924A} = {DCF9930A-8416-49DF-8D88-ECACA0B60190}
		{6630E905-8063-49FA-822F-C4741E031D06} = {DCF9930A-8416-49DF-8D88-ECACA0B60190}
		{6469DFD9-F153-4E22-97CE-9B5BB2036F44} = {DCF9930A-8416-49DF-8D88-ECACA0B60190}
		{259A19CC-F56D-4FE6-9917-6A453D166D14} = {DCF9930A-8416-49DF-8D88-ECACA0B60190}
		{42E6C2AE-0976-4132-B756-C8CEF42CAC71} = {DCF9930A-8416-49DF-8D88-ECACA0B60190}
		{BC92F088-03D8-47E8-BDEB-00EDFC359EFF} = {DCF9930A-8416-49DF-8D88-ECACA0B60190}
		{24B59693-217A-4D3A-831D-1FDC574B8C2A} = {DCF9930A-8416-49DF-8D88-ECACA0B60190}
		{001636FF-B655-42AC-B6AC-69F641086DD1} = {DCF9930A-8416-49DF-8D88-ECACA0B60190}
		{8DC5F06D-4BD8-4CB4-A193-9A2EBCE5DCF0} = {DCF9930A-8416-49DF-8D88-ECACA0B60190}
		{143C6169-FD0E-4EC5-B277-8EC5F6E537A1} = {03B69554-BF10-4234-B779-982FF228FC06}
		{420809AC-964E-400A-B03A-32A607D2A986} = {03B69554-BF10-4234-B779-982FF228FC06}
		{0B261C98-E53F-43EA-BFAD-C7B925D810D3} = {08F31F11-804B-4DBD-BA71-8B00CA96A24B}
		{8E928DF1-3681-4756-945A-FF316363B4A0} = {08F31F11-804B-4DBD-BA71-8B00CA96A24B}
		{10D19070-289D-41FA-94B5-B710EB5B8B57} = {08F31F11-804B-4DBD-BA71-8B00CA96A24B}
		{4065EB47-35EB-41DA-9215-ECBF8B972DE9} = {03B69554-BF10-4234-B779-982FF228FC06}
		{BFA99D6E-4D8B-4031-BBDC-EE826CCEB79E} = {08F31F11-804B-4DBD-BA71-8B00CA96A24B}
		{FB6EB570-B1D5-4FD2-9A1B-B09F4C505D59} = {03B69554-BF10-4234-B779-982FF228FC06}
		{0ADE46A8-B7E0-4B57-944C-3627AA341BE8} = {03B69554-BF10-4234-B779-982FF228FC06}
		{70E19E9E-9759-4AE1-B1EC-66C323EC7276} = {DCF9930A-8416-49DF-8D88-ECACA0B60190}
		{B68B7AB7-C24D-47D0-AFA6-ADE49D5DEDA4} = {DCF9930A-8416-49DF-8D88-ECACA0B60190}
	EndGlobalSection
	GlobalSection(ExtensibilityGlobals) = postSolution
		SolutionGuid = {EB2D4F60-3302-453E-8D98-D64EC35567AA}
	EndGlobalSection
EndGlobal
