
Microsoft Visual Studio Solution File, Format Version 12.00
# Visual Studio Version 16
VisualStudioVersion = 16.0.31515.178
MinimumVisualStudioVersion = 10.0.40219.1
Project("{9A19103F-16F7-4668-BE54-9A1E7A4F7556}") = "01-Hello-world", "01-Hello-world\01-Hello-world.csproj", "{BB9A469D-15F0-46C2-B00B-FF2E833964AF}"
EndProject
Project("{2150E333-8FDC-42A3-9474-1A3956D46DE8}") = "Cviceni-replit", "Cviceni-replit", "{08F31F11-804B-4DBD-BA71-8B00CA96A24B}"
EndProject
Project("{9A19103F-16F7-4668-BE54-9A1E7A4F7556}") = "replit-01-OOP-010-Role", "replit-01-OOP-010-Role\replit-01-OOP-010-Role.csproj", "{FFD72537-A366-4815-BD40-2BF6C588D4B3}"
EndProject
Project("{9A19103F-16F7-4668-BE54-9A1E7A4F7556}") = "replit-01-OOP-020-Tachometr", "replit-01-OOP-020-Tachometr\replit-01-OOP-020-Tachometr.csproj", "{7EAB5700-08B9-4E85-BD4C-834D2D628EED}"
EndProject
Project("{9A19103F-16F7-4668-BE54-9A1E7A4F7556}") = "replit-01-OOP-030-Archiv", "replit-01-OOP-030-Archiv\replit-01-OOP-030-Archiv.csproj", "{DAD73806-D4B7-4B63-A913-A9219350B173}"
EndProject
Project("{9A19103F-16F7-4668-BE54-9A1E7A4F7556}") = "replit-01-OOP-050-Lanovka", "replit-01-OOP-050-Lanovka\replit-01-OOP-050-Lanovka.csproj", "{2B2E1C53-36C9-4E09-8358-2677672FC5E0}"
EndProject
Project("{9A19103F-16F7-4668-BE54-9A1E7A4F7556}") = "replit-01-OOP-040-test-vyrobku", "replit-01-OOP-040-test-vyrobku\replit-01-OOP-040-test-vyrobku.csproj", "{F74FF26B-708D-45CF-8AB3-F93016342826}"
EndProject
Project("{2150E333-8FDC-42A3-9474-1A3956D46DE8}") = "WPF", "WPF", "{DCF9930A-8416-49DF-8D88-ECACA0B60190}"
EndProject
Project("{FAE04EC0-301F-11D3-BF4B-00C04F79EFBC}") = "WPF-01-hello-world", "WPF-01-hello-world\WPF-01-hello-world.csproj", "{913512BD-D7EA-4B34-9049-FF6CE2C0D91D}"
EndProject
Project("{FAE04EC0-301F-11D3-BF4B-00C04F79EFBC}") = "wpf-02-Scitadlo", "wpf-02-Scitadlo\wpf-02-Scitadlo.csproj", "{E6579E43-C81B-4111-8E65-623B3B7724D1}"
EndProject
Global
	GlobalSection(SolutionConfigurationPlatforms) = preSolution
		Debug|Any CPU = Debug|Any CPU
		Release|Any CPU = Release|Any CPU
	EndGlobalSection
	GlobalSection(ProjectConfigurationPlatforms) = postSolution
		{BB9A469D-15F0-46C2-B00B-FF2E833964AF}.Debug|Any CPU.ActiveCfg = Debug|Any CPU
		{BB9A469D-15F0-46C2-B00B-FF2E833964AF}.Debug|Any CPU.Build.0 = Debug|Any CPU
		{BB9A469D-15F0-46C2-B00B-FF2E833964AF}.Release|Any CPU.ActiveCfg = Release|Any CPU
		{BB9A469D-15F0-46C2-B00B-FF2E833964AF}.Release|Any CPU.Build.0 = Release|Any CPU
		{FFD72537-A366-4815-BD40-2BF6C588D4B3}.Debug|Any CPU.ActiveCfg = Debug|Any CPU
		{FFD72537-A366-4815-BD40-2BF6C588D4B3}.Debug|Any CPU.Build.0 = Debug|Any CPU
		{FFD72537-A366-4815-BD40-2BF6C588D4B3}.Release|Any CPU.ActiveCfg = Release|Any CPU
		{FFD72537-A366-4815-BD40-2BF6C588D4B3}.Release|Any CPU.Build.0 = Release|Any CPU
		{7EAB5700-08B9-4E85-BD4C-834D2D628EED}.Debug|Any CPU.ActiveCfg = Debug|Any CPU
		{7EAB5700-08B9-4E85-BD4C-834D2D628EED}.Debug|Any CPU.Build.0 = Debug|Any CPU
		{7EAB5700-08B9-4E85-BD4C-834D2D628EED}.Release|Any CPU.ActiveCfg = Release|Any CPU
		{7EAB5700-08B9-4E85-BD4C-834D2D628EED}.Release|Any CPU.Build.0 = Release|Any CPU
		{DAD73806-D4B7-4B63-A913-A9219350B173}.Debug|Any CPU.ActiveCfg = Debug|Any CPU
		{DAD73806-D4B7-4B63-A913-A9219350B173}.Debug|Any CPU.Build.0 = Debug|Any CPU
		{DAD73806-D4B7-4B63-A913-A9219350B173}.Release|Any CPU.ActiveCfg = Release|Any CPU
		{DAD73806-D4B7-4B63-A913-A9219350B173}.Release|Any CPU.Build.0 = Release|Any CPU
		{2B2E1C53-36C9-4E09-8358-2677672FC5E0}.Debug|Any CPU.ActiveCfg = Debug|Any CPU
		{2B2E1C53-36C9-4E09-8358-2677672FC5E0}.Debug|Any CPU.Build.0 = Debug|Any CPU
		{2B2E1C53-36C9-4E09-8358-2677672FC5E0}.Release|Any CPU.ActiveCfg = Release|Any CPU
		{2B2E1C53-36C9-4E09-8358-2677672FC5E0}.Release|Any CPU.Build.0 = Release|Any CPU
		{F74FF26B-708D-45CF-8AB3-F93016342826}.Debug|Any CPU.ActiveCfg = Debug|Any CPU
		{F74FF26B-708D-45CF-8AB3-F93016342826}.Debug|Any CPU.Build.0 = Debug|Any CPU
		{F74FF26B-708D-45CF-8AB3-F93016342826}.Release|Any CPU.ActiveCfg = Release|Any CPU
		{F74FF26B-708D-45CF-8AB3-F93016342826}.Release|Any CPU.Build.0 = Release|Any CPU
		{913512BD-D7EA-4B34-9049-FF6CE2C0D91D}.Debug|Any CPU.ActiveCfg = Debug|Any CPU
		{913512BD-D7EA-4B34-9049-FF6CE2C0D91D}.Debug|Any CPU.Build.0 = Debug|Any CPU
		{913512BD-D7EA-4B34-9049-FF6CE2C0D91D}.Release|Any CPU.ActiveCfg = Release|Any CPU
		{913512BD-D7EA-4B34-9049-FF6CE2C0D91D}.Release|Any CPU.Build.0 = Release|Any CPU
		{E6579E43-C81B-4111-8E65-623B3B7724D1}.Debug|Any CPU.ActiveCfg = Debug|Any CPU
		{E6579E43-C81B-4111-8E65-623B3B7724D1}.Debug|Any CPU.Build.0 = Debug|Any CPU
		{E6579E43-C81B-4111-8E65-623B3B7724D1}.Release|Any CPU.ActiveCfg = Release|Any CPU
		{E6579E43-C81B-4111-8E65-623B3B7724D1}.Release|Any CPU.Build.0 = Release|Any CPU
	EndGlobalSection
	GlobalSection(SolutionProperties) = preSolution
		HideSolutionNode = FALSE
	EndGlobalSection
	GlobalSection(NestedProjects) = preSolution
		{FFD72537-A366-4815-BD40-2BF6C588D4B3} = {08F31F11-804B-4DBD-BA71-8B00CA96A24B}
		{7EAB5700-08B9-4E85-BD4C-834D2D628EED} = {08F31F11-804B-4DBD-BA71-8B00CA96A24B}
		{DAD73806-D4B7-4B63-A913-A9219350B173} = {08F31F11-804B-4DBD-BA71-8B00CA96A24B}
		{2B2E1C53-36C9-4E09-8358-2677672FC5E0} = {08F31F11-804B-4DBD-BA71-8B00CA96A24B}
		{F74FF26B-708D-45CF-8AB3-F93016342826} = {08F31F11-804B-4DBD-BA71-8B00CA96A24B}
		{913512BD-D7EA-4B34-9049-FF6CE2C0D91D} = {DCF9930A-8416-49DF-8D88-ECACA0B60190}
		{E6579E43-C81B-4111-8E65-623B3B7724D1} = {DCF9930A-8416-49DF-8D88-ECACA0B60190}
	EndGlobalSection
	GlobalSection(ExtensibilityGlobals) = postSolution
		SolutionGuid = {EB2D4F60-3302-453E-8D98-D64EC35567AA}
	EndGlobalSection
EndGlobal
